<?xml version="1.0" encoding="utf-8"?>
<Project ToolsVersion="4.0" xmlns="http://schemas.microsoft.com/developer/msbuild/2003">
  <ItemGroup>
    <ClCompile Include="src\glad.c" />
    <ClCompile Include="src\imgui\imgui.cpp" />
    <ClCompile Include="src\imgui\imgui_demo.cpp" />
    <ClCompile Include="src\imgui\imgui_draw.cpp" />
    <ClCompile Include="src\imgui\imgui_impl_glfw_gl3.cpp" />
    <ClCompile Include="src\bubble.cpp" />
  </ItemGroup>
  <ItemGroup>
    <None Include="src\object\firstFragShader.fs" />
    <None Include="src\object\firstVertexShader.vs" />
    <None Include="src\shaders\fresnel.frag" />
    <None Include="src\shaders\reflect.frag" />
    <None Include="src\shaders\reflect.vert" />
    <None Include="src\shaders\skybox.frag" />
    <None Include="src\shaders\skybox.vert" />
    <None Include="src\shaders\Thin_Film.frag" />
    <None Include="src\shaders\SimpleSoapBubble.frag" />
    <None Include="src\shaders\PhysicalBubble.frag" />
  </ItemGroup>
  <ItemGroup>
    <Image Include="src\object\wall.jpg" />
  </ItemGroup>
  <ItemGroup>
    <ClInclude Include="src\imgui\imconfig.h" />
    <ClInclude Include="src\imgui\imgui.h" />
    <ClInclude Include="src\imgui\imgui_impl_glfw_gl3.h" />
    <ClInclude Include="src\imgui\imgui_internal.h" />
    <ClInclude Include="src\imgui\stb_rect_pack.h" />
    <ClInclude Include="src\imgui\stb_textedit.h" />
    <ClInclude Include="src\imgui\stb_truetype.h" />
  </ItemGroup>
</Project>